
Microsoft Visual Studio Solution File, Format Version 12.00
# Visual Studio Version 17
VisualStudioVersion = 17.14.36109.1 d17.14
MinimumVisualStudioVersion = 10.0.40219.1
Project("{FAE04EC0-301F-11D3-BF4B-00C04F79EFBC}") = "LabOOP", "LabOOP\LabOOP.csproj", "{4D1A70CA-0E59-4008-BA76-711E9EB9A7D9}"
EndProject
Global
	GlobalSection(SolutionConfigurationPlatforms) = preSolution
		Debug|Any CPU = Debug|Any CPU
		Release|Any CPU = Release|Any CPU
	EndGlobalSection
	GlobalSection(ProjectConfigurationPlatforms) = postSolution
		{4D1A70CA-0E59-4008-BA76-711E9EB9A7D9}.Debug|Any CPU.ActiveCfg = Debug|Any CPU
		{4D1A70CA-0E59-4008-BA76-711E9EB9A7D9}.Debug|Any CPU.Build.0 = Debug|Any CPU
		{4D1A70CA-0E59-4008-BA76-711E9EB9A7D9}.Release|Any CPU.ActiveCfg = Release|Any CPU
		{4D1A70CA-0E59-4008-BA76-711E9EB9A7D9}.Release|Any CPU.Build.0 = Release|Any CPU
	EndGlobalSection
	GlobalSection(SolutionProperties) = preSolution
		HideSolutionNode = FALSE
	EndGlobalSection
	GlobalSection(ExtensibilityGlobals) = postSolution
		SolutionGuid = {F72FC56A-F6B9-45B7-88EE-DF1D1D0847E0}
	EndGlobalSection
EndGlobal
